
Microsoft Visual Studio Solution File, Format Version 12.00
# Visual Studio Version 16
VisualStudioVersion = 16.0.30503.244
MinimumVisualStudioVersion = 10.0.40219.1
Project("{8BC9CEB8-8B4A-11D0-8D11-00A0C91BC942}") = "MergeSort", "MergeSort\MergeSort.vcxproj", "{EE4E9D3B-97BB-4827-9B1F-EECCFD4D3B60}"
EndProject
Global
	GlobalSection(SolutionConfigurationPlatforms) = preSolution
		Debug|x64 = Debug|x64
		Debug|x86 = Debug|x86
		Release|x64 = Release|x64
		Release|x86 = Release|x86
	EndGlobalSection
	GlobalSection(ProjectConfigurationPlatforms) = postSolution
		{EE4E9D3B-97BB-4827-9B1F-EECCFD4D3B60}.Debug|x64.ActiveCfg = Debug|x64
		{EE4E9D3B-97BB-4827-9B1F-EECCFD4D3B60}.Debug|x64.Build.0 = Debug|x64
		{EE4E9D3B-97BB-4827-9B1F-EECCFD4D3B60}.Debug|x86.ActiveCfg = Debug|Win32
		{EE4E9D3B-97BB-4827-9B1F-EECCFD4D3B60}.Debug|x86.Build.0 = Debug|Win32
		{EE4E9D3B-97BB-4827-9B1F-EECCFD4D3B60}.Release|x64.ActiveCfg = Release|x64
		{EE4E9D3B-97BB-4827-9B1F-EECCFD4D3B60}.Release|x64.Build.0 = Release|x64
		{EE4E9D3B-97BB-4827-9B1F-EECCFD4D3B60}.Release|x86.ActiveCfg = Release|Win32
		{EE4E9D3B-97BB-4827-9B1F-EECCFD4D3B60}.Release|x86.Build.0 = Release|Win32
	EndGlobalSection
	GlobalSection(SolutionProperties) = preSolution
		HideSolutionNode = FALSE
	EndGlobalSection
	GlobalSection(ExtensibilityGlobals) = postSolution
		SolutionGuid = {08F619A1-F6D0-40A5-863F-C8DBCE03B86F}
	EndGlobalSection
EndGlobal
